
Microsoft Visual Studio Solution File, Format Version 12.00
# Visual Studio Version 17
VisualStudioVersion = 17.8.34316.72
MinimumVisualStudioVersion = 10.0.40219.1
Project("{9A19103F-16F7-4668-BE54-9A1E7A4F7556}") = "PcShop", "PcShop\PcShop.csproj", "{90B8C93B-A0AE-4C1A-A85C-059C31292105}"
EndProject
Global
	GlobalSection(SolutionConfigurationPlatforms) = preSolution
		Debug|Any CPU = Debug|Any CPU
		Release|Any CPU = Release|Any CPU
	EndGlobalSection
	GlobalSection(ProjectConfigurationPlatforms) = postSolution
		{90B8C93B-A0AE-4C1A-A85C-059C31292105}.Debug|Any CPU.ActiveCfg = Debug|Any CPU
		{90B8C93B-A0AE-4C1A-A85C-059C31292105}.Debug|Any CPU.Build.0 = Debug|Any CPU
		{90B8C93B-A0AE-4C1A-A85C-059C31292105}.Release|Any CPU.ActiveCfg = Release|Any CPU
		{90B8C93B-A0AE-4C1A-A85C-059C31292105}.Release|Any CPU.Build.0 = Release|Any CPU
	EndGlobalSection
	GlobalSection(SolutionProperties) = preSolution
		HideSolutionNode = FALSE
	EndGlobalSection
	GlobalSection(ExtensibilityGlobals) = postSolution
		SolutionGuid = {C478466F-9A14-4C87-9631-E9E89F65BFAA}
	EndGlobalSection
EndGlobal
